
Microsoft Visual Studio Solution File, Format Version 12.00
# Visual Studio Version 16
VisualStudioVersion = 16.0.31321.278
MinimumVisualStudioVersion = 10.0.40219.1
Project("{FAE04EC0-301F-11D3-BF4B-00C04F79EFBC}") = "PCMonitor", "PCMonitor.csproj", "{AB8367E4-3A05-48C3-9CBF-18740D20E397}"
EndProject
Global
	GlobalSection(SolutionConfigurationPlatforms) = preSolution
		Debug|Any CPU = Debug|Any CPU
		Release|Any CPU = Release|Any CPU
	EndGlobalSection
	GlobalSection(ProjectConfigurationPlatforms) = postSolution
		{AB8367E4-3A05-48C3-9CBF-18740D20E397}.Debug|Any CPU.ActiveCfg = Debug|Any CPU
		{AB8367E4-3A05-48C3-9CBF-18740D20E397}.Debug|Any CPU.Build.0 = Debug|Any CPU
		{AB8367E4-3A05-48C3-9CBF-18740D20E397}.Release|Any CPU.ActiveCfg = Release|Any CPU
		{AB8367E4-3A05-48C3-9CBF-18740D20E397}.Release|Any CPU.Build.0 = Release|Any CPU
	EndGlobalSection
	GlobalSection(SolutionProperties) = preSolution
		HideSolutionNode = FALSE
	EndGlobalSection
	GlobalSection(ExtensibilityGlobals) = postSolution
		SolutionGuid = {24739DA0-796E-41EF-9207-AC495D371CFE}
	EndGlobalSection
EndGlobal
